
Microsoft Visual Studio Solution File, Format Version 12.00
# Visual Studio Version 17
VisualStudioVersion = 17.13.35828.75 d17.13
MinimumVisualStudioVersion = 10.0.40219.1
Project("{FAE04EC0-301F-11D3-BF4B-00C04F79EFBC}") = "PilloleAspNetCore", "PilloleAspNetCore\PilloleAspNetCore.csproj", "{07E25EA1-C0EE-43E0-BCAF-08A6F40218B4}"
EndProject
Global
	GlobalSection(SolutionConfigurationPlatforms) = preSolution
		Debug|Any CPU = Debug|Any CPU
		Release|Any CPU = Release|Any CPU
	EndGlobalSection
	GlobalSection(ProjectConfigurationPlatforms) = postSolution
		{07E25EA1-C0EE-43E0-BCAF-08A6F40218B4}.Debug|Any CPU.ActiveCfg = Debug|Any CPU
		{07E25EA1-C0EE-43E0-BCAF-08A6F40218B4}.Debug|Any CPU.Build.0 = Debug|Any CPU
		{07E25EA1-C0EE-43E0-BCAF-08A6F40218B4}.Release|Any CPU.ActiveCfg = Release|Any CPU
		{07E25EA1-C0EE-43E0-BCAF-08A6F40218B4}.Release|Any CPU.Build.0 = Release|Any CPU
	EndGlobalSection
	GlobalSection(SolutionProperties) = preSolution
		HideSolutionNode = FALSE
	EndGlobalSection
	GlobalSection(ExtensibilityGlobals) = postSolution
		SolutionGuid = {6FDA0FAA-EA6B-4333-AE2B-EDB69B30C48F}
	EndGlobalSection
EndGlobal
